
Microsoft Visual Studio Solution File, Format Version 12.00
# Visual Studio 14
VisualStudioVersion = 14.0.24720.0
MinimumVisualStudioVersion = 10.0.40219.1
Project("{FAE04EC0-301F-11D3-BF4B-00C04F79EFBC}") = "GUI", "StudentenAdministratie\GUI.csproj", "{A753EC73-FFE2-4565-B71C-C2CDF48C1BFF}"
EndProject
Project("{FAE04EC0-301F-11D3-BF4B-00C04F79EFBC}") = "ILogicPersonen", "ILogicPersonen\ILogicPersonen.csproj", "{063E77F5-CD4D-4FE3-8C02-BC015F86FA9B}"
EndProject
Project("{FAE04EC0-301F-11D3-BF4B-00C04F79EFBC}") = "LogicPersonen", "LogicPersonen\LogicPersonen.csproj", "{869AB147-31D3-4FD1-BDA7-3D2B0ACB132E}"
EndProject
Project("{FAE04EC0-301F-11D3-BF4B-00C04F79EFBC}") = "ILogicOLA", "ILogicOLA\ILogicOLA.csproj", "{DA79A964-87B3-4920-BDBA-EE1456A19813}"
EndProject
Project("{FAE04EC0-301F-11D3-BF4B-00C04F79EFBC}") = "LogicOLA", "LogicOLA\LogicOLA.csproj", "{66369224-4546-4C02-B184-A667E2AC8479}"
EndProject
Project("{2150E333-8FDC-42A3-9474-1A3956D46DE8}") = "Presentatie", "Presentatie", "{7CDE3D9A-9AB7-4726-A2F6-6AD4D30A7418}"
EndProject
Project("{2150E333-8FDC-42A3-9474-1A3956D46DE8}") = "OLA", "OLA", "{BA2F8216-C224-4218-B76A-E4A600795B29}"
EndProject
Project("{2150E333-8FDC-42A3-9474-1A3956D46DE8}") = "Personen", "Personen", "{70DDB6F7-DC17-4934-8B46-63F6BB1FD5E4}"
EndProject
Project("{2150E333-8FDC-42A3-9474-1A3956D46DE8}") = "OPO", "OPO", "{010BC313-EA58-410A-96B5-694574F5DA51}"
EndProject
Project("{FAE04EC0-301F-11D3-BF4B-00C04F79EFBC}") = "LogicOPO", "LogicOPO\LogicOPO.csproj", "{DBF781DB-82C2-4696-81A4-21EC3BB5CD5F}"
EndProject
Project("{2150E333-8FDC-42A3-9474-1A3956D46DE8}") = "Enum", "Enum", "{6B906977-0467-441A-A29B-CAF9C1D8D0C5}"
EndProject
Project("{FAE04EC0-301F-11D3-BF4B-00C04F79EFBC}") = "Enums", "Enums\Enums.csproj", "{33A836E1-5832-46DB-A695-3E35E7019B9C}"
EndProject
Project("{FAE04EC0-301F-11D3-BF4B-00C04F79EFBC}") = "ILogicOPO", "ILogicOPO\ILogicOPO.csproj", "{C1033586-9EAE-4F70-B6B1-7CDCA49288A1}"
EndProject
Project("{2150E333-8FDC-42A3-9474-1A3956D46DE8}") = "Acces", "Acces", "{8CF98464-83BC-4997-B310-E7CBF9A9B3A5}"
EndProject
Project("{FAE04EC0-301F-11D3-BF4B-00C04F79EFBC}") = "Backend", "Backend\Backend.csproj", "{4D22C89A-0137-4B29-A0C9-8DF0B94B04C6}"
EndProject
Global
	GlobalSection(SolutionConfigurationPlatforms) = preSolution
		Debug|Any CPU = Debug|Any CPU
		Release|Any CPU = Release|Any CPU
	EndGlobalSection
	GlobalSection(ProjectConfigurationPlatforms) = postSolution
		{A753EC73-FFE2-4565-B71C-C2CDF48C1BFF}.Debug|Any CPU.ActiveCfg = Debug|Any CPU
		{A753EC73-FFE2-4565-B71C-C2CDF48C1BFF}.Debug|Any CPU.Build.0 = Debug|Any CPU
		{A753EC73-FFE2-4565-B71C-C2CDF48C1BFF}.Release|Any CPU.ActiveCfg = Release|Any CPU
		{A753EC73-FFE2-4565-B71C-C2CDF48C1BFF}.Release|Any CPU.Build.0 = Release|Any CPU
		{063E77F5-CD4D-4FE3-8C02-BC015F86FA9B}.Debug|Any CPU.ActiveCfg = Debug|Any CPU
		{063E77F5-CD4D-4FE3-8C02-BC015F86FA9B}.Debug|Any CPU.Build.0 = Debug|Any CPU
		{063E77F5-CD4D-4FE3-8C02-BC015F86FA9B}.Release|Any CPU.ActiveCfg = Release|Any CPU
		{063E77F5-CD4D-4FE3-8C02-BC015F86FA9B}.Release|Any CPU.Build.0 = Release|Any CPU
		{869AB147-31D3-4FD1-BDA7-3D2B0ACB132E}.Debug|Any CPU.ActiveCfg = Debug|Any CPU
		{869AB147-31D3-4FD1-BDA7-3D2B0ACB132E}.Debug|Any CPU.Build.0 = Debug|Any CPU
		{869AB147-31D3-4FD1-BDA7-3D2B0ACB132E}.Release|Any CPU.ActiveCfg = Release|Any CPU
		{869AB147-31D3-4FD1-BDA7-3D2B0ACB132E}.Release|Any CPU.Build.0 = Release|Any CPU
		{DA79A964-87B3-4920-BDBA-EE1456A19813}.Debug|Any CPU.ActiveCfg = Debug|Any CPU
		{DA79A964-87B3-4920-BDBA-EE1456A19813}.Debug|Any CPU.Build.0 = Debug|Any CPU
		{DA79A964-87B3-4920-BDBA-EE1456A19813}.Release|Any CPU.ActiveCfg = Release|Any CPU
		{DA79A964-87B3-4920-BDBA-EE1456A19813}.Release|Any CPU.Build.0 = Release|Any CPU
		{66369224-4546-4C02-B184-A667E2AC8479}.Debug|Any CPU.ActiveCfg = Debug|Any CPU
		{66369224-4546-4C02-B184-A667E2AC8479}.Debug|Any CPU.Build.0 = Debug|Any CPU
		{66369224-4546-4C02-B184-A667E2AC8479}.Release|Any CPU.ActiveCfg = Release|Any CPU
		{66369224-4546-4C02-B184-A667E2AC8479}.Release|Any CPU.Build.0 = Release|Any CPU
		{DBF781DB-82C2-4696-81A4-21EC3BB5CD5F}.Debug|Any CPU.ActiveCfg = Debug|Any CPU
		{DBF781DB-82C2-4696-81A4-21EC3BB5CD5F}.Debug|Any CPU.Build.0 = Debug|Any CPU
		{DBF781DB-82C2-4696-81A4-21EC3BB5CD5F}.Release|Any CPU.ActiveCfg = Release|Any CPU
		{DBF781DB-82C2-4696-81A4-21EC3BB5CD5F}.Release|Any CPU.Build.0 = Release|Any CPU
		{33A836E1-5832-46DB-A695-3E35E7019B9C}.Debug|Any CPU.ActiveCfg = Debug|Any CPU
		{33A836E1-5832-46DB-A695-3E35E7019B9C}.Debug|Any CPU.Build.0 = Debug|Any CPU
		{33A836E1-5832-46DB-A695-3E35E7019B9C}.Release|Any CPU.ActiveCfg = Release|Any CPU
		{33A836E1-5832-46DB-A695-3E35E7019B9C}.Release|Any CPU.Build.0 = Release|Any CPU
		{C1033586-9EAE-4F70-B6B1-7CDCA49288A1}.Debug|Any CPU.ActiveCfg = Debug|Any CPU
		{C1033586-9EAE-4F70-B6B1-7CDCA49288A1}.Debug|Any CPU.Build.0 = Debug|Any CPU
		{C1033586-9EAE-4F70-B6B1-7CDCA49288A1}.Release|Any CPU.ActiveCfg = Release|Any CPU
		{C1033586-9EAE-4F70-B6B1-7CDCA49288A1}.Release|Any CPU.Build.0 = Release|Any CPU
		{4D22C89A-0137-4B29-A0C9-8DF0B94B04C6}.Debug|Any CPU.ActiveCfg = Debug|Any CPU
		{4D22C89A-0137-4B29-A0C9-8DF0B94B04C6}.Debug|Any CPU.Build.0 = Debug|Any CPU
		{4D22C89A-0137-4B29-A0C9-8DF0B94B04C6}.Release|Any CPU.ActiveCfg = Release|Any CPU
		{4D22C89A-0137-4B29-A0C9-8DF0B94B04C6}.Release|Any CPU.Build.0 = Release|Any CPU
	EndGlobalSection
	GlobalSection(SolutionProperties) = preSolution
		HideSolutionNode = FALSE
	EndGlobalSection
	GlobalSection(NestedProjects) = preSolution
		{A753EC73-FFE2-4565-B71C-C2CDF48C1BFF} = {7CDE3D9A-9AB7-4726-A2F6-6AD4D30A7418}
		{063E77F5-CD4D-4FE3-8C02-BC015F86FA9B} = {70DDB6F7-DC17-4934-8B46-63F6BB1FD5E4}
		{869AB147-31D3-4FD1-BDA7-3D2B0ACB132E} = {70DDB6F7-DC17-4934-8B46-63F6BB1FD5E4}
		{DA79A964-87B3-4920-BDBA-EE1456A19813} = {BA2F8216-C224-4218-B76A-E4A600795B29}
		{66369224-4546-4C02-B184-A667E2AC8479} = {BA2F8216-C224-4218-B76A-E4A600795B29}
		{DBF781DB-82C2-4696-81A4-21EC3BB5CD5F} = {010BC313-EA58-410A-96B5-694574F5DA51}
		{33A836E1-5832-46DB-A695-3E35E7019B9C} = {6B906977-0467-441A-A29B-CAF9C1D8D0C5}
		{C1033586-9EAE-4F70-B6B1-7CDCA49288A1} = {010BC313-EA58-410A-96B5-694574F5DA51}
		{4D22C89A-0137-4B29-A0C9-8DF0B94B04C6} = {8CF98464-83BC-4997-B310-E7CBF9A9B3A5}
	EndGlobalSection
EndGlobal
